// !$*UTF8*$!
{
	archiveVersion = 1;
	classes = {
	};
	objectVersion = 56;
	objects = {

/* Begin PBXBuildFile section */
		BE22C5892A4563DF00DED032 /* FavoriteButton.swift in Sources */ = {isa = PBXBuildFile; fileRef = BE22C5882A4563DF00DED032 /* FavoriteButton.swift */; };
		BE22C58D2A45660800DED032 /* Main.swift in Sources */ = {isa = PBXBuildFile; fileRef = BE22C58C2A45660800DED032 /* Main.swift */; };
		BE22C58F2A456B5B00DED032 /* Everything.swift in Sources */ = {isa = PBXBuildFile; fileRef = BE22C58E2A456B5B00DED032 /* Everything.swift */; };
		BE29BD852A4AA41200620D72 /* CoreModel.xcdatamodeld in Sources */ = {isa = PBXBuildFile; fileRef = BE29BD832A4AA41200620D72 /* CoreModel.xcdatamodeld */; };
		BE29BD912A4AA64500620D72 /* CoreDataManager.swift in Sources */ = {isa = PBXBuildFile; fileRef = BE29BD902A4AA64500620D72 /* CoreDataManager.swift */; };
		BE29BD942A4AABF800620D72 /* SearchBar.swift in Sources */ = {isa = PBXBuildFile; fileRef = BE29BD932A4AABF800620D72 /* SearchBar.swift */; };
		BE40AE082A3BE3A000581D53 /* NewsMainViewModel.swift in Sources */ = {isa = PBXBuildFile; fileRef = BE40AE072A3BE3A000581D53 /* NewsMainViewModel.swift */; };
		BE40AE0A2A3BEDDC00581D53 /* CellImage.swift in Sources */ = {isa = PBXBuildFile; fileRef = BE40AE092A3BEDDC00581D53 /* CellImage.swift */; };
		BE461C322A55329900C11E8B /* SearchCell.swift in Sources */ = {isa = PBXBuildFile; fileRef = BE461C312A55329900C11E8B /* SearchCell.swift */; };
		BE6743ED2A3D58AA008227A3 /* RecommendRow.swift in Sources */ = {isa = PBXBuildFile; fileRef = BE6743EC2A3D58AA008227A3 /* RecommendRow.swift */; };
		BE6743EF2A3D82BA008227A3 /* BookMark.swift in Sources */ = {isa = PBXBuildFile; fileRef = BE6743EE2A3D82BA008227A3 /* BookMark.swift */; };
		BE88FDA02A122E11003192A6 /* HeadLineViewModel.swift in Sources */ = {isa = PBXBuildFile; fileRef = BE88FD9F2A122E11003192A6 /* HeadLineViewModel.swift */; };
		BE9CBD852A147B8D00C5B33D /* HeadLine.swift in Sources */ = {isa = PBXBuildFile; fileRef = BE9CBD842A147B8C00C5B33D /* HeadLine.swift */; };
		BE9CBD872A14A15B00C5B33D /* HeadLineCell.swift in Sources */ = {isa = PBXBuildFile; fileRef = BE9CBD862A14A15B00C5B33D /* HeadLineCell.swift */; };
		BEA600782A51621E0047BF81 /* RecommendList.swift in Sources */ = {isa = PBXBuildFile; fileRef = BEA600772A51621E0047BF81 /* RecommendList.swift */; };
		BEA67A762A0B65BD00581ADC /* newsAPIToyAppApp.swift in Sources */ = {isa = PBXBuildFile; fileRef = BEA67A752A0B65BD00581ADC /* newsAPIToyAppApp.swift */; };
		BEA67A782A0B65BD00581ADC /* ContentView.swift in Sources */ = {isa = PBXBuildFile; fileRef = BEA67A772A0B65BD00581ADC /* ContentView.swift */; };
		BEA67A7A2A0B65C000581ADC /* Assets.xcassets in Resources */ = {isa = PBXBuildFile; fileRef = BEA67A792A0B65C000581ADC /* Assets.xcassets */; };
		BEA67A7D2A0B65C000581ADC /* Preview Assets.xcassets in Resources */ = {isa = PBXBuildFile; fileRef = BEA67A7C2A0B65C000581ADC /* Preview Assets.xcassets */; };
		BEA67A872A0B65C100581ADC /* newsAPIToyAppTests.swift in Sources */ = {isa = PBXBuildFile; fileRef = BEA67A862A0B65C100581ADC /* newsAPIToyAppTests.swift */; };
		BEA67A912A0B65C100581ADC /* newsAPIToyAppUITests.swift in Sources */ = {isa = PBXBuildFile; fileRef = BEA67A902A0B65C100581ADC /* newsAPIToyAppUITests.swift */; };
		BEA67A932A0B65C100581ADC /* newsAPIToyAppUITestsLaunchTests.swift in Sources */ = {isa = PBXBuildFile; fileRef = BEA67A922A0B65C100581ADC /* newsAPIToyAppUITestsLaunchTests.swift */; };
		BEA67AA02A0B6B1E00581ADC /* NewsAPI.swift in Sources */ = {isa = PBXBuildFile; fileRef = BEA67A9F2A0B6B1E00581ADC /* NewsAPI.swift */; };
		BEA7A3BA2A3EBFDB00DA1804 /* NewsDetail.swift in Sources */ = {isa = PBXBuildFile; fileRef = BEA7A3B92A3EBFDB00DA1804 /* NewsDetail.swift */; };
		BEA7A3BC2A3EC6CE00DA1804 /* WebView.swift in Sources */ = {isa = PBXBuildFile; fileRef = BEA7A3BB2A3EC6CE00DA1804 /* WebView.swift */; };
		BEAB77852A4C0C0600D09D76 /* BookMarkCell.swift in Sources */ = {isa = PBXBuildFile; fileRef = BEAB77842A4C0C0600D09D76 /* BookMarkCell.swift */; };
		BEAC7DC32A3A9A7600717F47 /* NetworkManager.swift in Sources */ = {isa = PBXBuildFile; fileRef = BEAC7DC22A3A9A7600717F47 /* NetworkManager.swift */; };
		BEAC7DC92A3AAB7000717F47 /* NewsMain.swift in Sources */ = {isa = PBXBuildFile; fileRef = BEAC7DC82A3AAB7000717F47 /* NewsMain.swift */; };
		BEAC7DCB2A3AACE500717F47 /* EverythingViewModel.swift in Sources */ = {isa = PBXBuildFile; fileRef = BEAC7DCA2A3AACE500717F47 /* EverythingViewModel.swift */; };
		BEAC7DD02A3ACD6D00717F47 /* Banner.swift in Sources */ = {isa = PBXBuildFile; fileRef = BEAC7DCF2A3ACD6D00717F47 /* Banner.swift */; };
		BEAF1F2A2A4D4FCB003742BB /* EverythingCell.swift in Sources */ = {isa = PBXBuildFile; fileRef = BEAF1F292A4D4FCB003742BB /* EverythingCell.swift */; };
		BEC313C12A528D150022B8A1 /* SearchViewModel.swift in Sources */ = {isa = PBXBuildFile; fileRef = BEC313C02A528D150022B8A1 /* SearchViewModel.swift */; };
		BEC313C32A528E8F0022B8A1 /* SearchMain.swift in Sources */ = {isa = PBXBuildFile; fileRef = BEC313C22A528E8F0022B8A1 /* SearchMain.swift */; };
		BECFAC152A4BBC340088A9BD /* BookMarkManager.swift in Sources */ = {isa = PBXBuildFile; fileRef = BECFAC142A4BBC340088A9BD /* BookMarkManager.swift */; };
		BECFAC1A2A4BEA3F0088A9BD /* Favorite+CoreDataClass.swift in Sources */ = {isa = PBXBuildFile; fileRef = BECFAC162A4BEA3F0088A9BD /* Favorite+CoreDataClass.swift */; };
		BECFAC1B2A4BEA3F0088A9BD /* Favorite+CoreDataProperties.swift in Sources */ = {isa = PBXBuildFile; fileRef = BECFAC172A4BEA3F0088A9BD /* Favorite+CoreDataProperties.swift */; };
		BECFAC1C2A4BEA3F0088A9BD /* Search+CoreDataClass.swift in Sources */ = {isa = PBXBuildFile; fileRef = BECFAC182A4BEA3F0088A9BD /* Search+CoreDataClass.swift */; };
		BECFAC1D2A4BEA3F0088A9BD /* Search+CoreDataProperties.swift in Sources */ = {isa = PBXBuildFile; fileRef = BECFAC192A4BEA3F0088A9BD /* Search+CoreDataProperties.swift */; };
/* End PBXBuildFile section */

/* Begin PBXContainerItemProxy section */
		BEA67A832A0B65C100581ADC /* PBXContainerItemProxy */ = {
			isa = PBXContainerItemProxy;
			containerPortal = BEA67A6A2A0B65BD00581ADC /* Project object */;
			proxyType = 1;
			remoteGlobalIDString = BEA67A712A0B65BD00581ADC;
			remoteInfo = newsAPIToyApp;
		};
		BEA67A8D2A0B65C100581ADC /* PBXContainerItemProxy */ = {
			isa = PBXContainerItemProxy;
			containerPortal = BEA67A6A2A0B65BD00581ADC /* Project object */;
			proxyType = 1;
			remoteGlobalIDString = BEA67A712A0B65BD00581ADC;
			remoteInfo = newsAPIToyApp;
		};
/* End PBXContainerItemProxy section */

/* Begin PBXFileReference section */
		BE11E1EA2A0B93DD00A504C8 /* Secrets.xcconfig */ = {isa = PBXFileReference; lastKnownFileType = text.xcconfig; path = Secrets.xcconfig; sourceTree = "<group>"; };
		BE11E1EB2A0B945A00A504C8 /* Info.plist */ = {isa = PBXFileReference; lastKnownFileType = text.plist; path = Info.plist; sourceTree = "<group>"; };
		BE22C5882A4563DF00DED032 /* FavoriteButton.swift */ = {isa = PBXFileReference; lastKnownFileType = sourcecode.swift; path = FavoriteButton.swift; sourceTree = "<group>"; };
		BE22C58C2A45660800DED032 /* Main.swift */ = {isa = PBXFileReference; lastKnownFileType = sourcecode.swift; path = Main.swift; sourceTree = "<group>"; };
		BE22C58E2A456B5B00DED032 /* Everything.swift */ = {isa = PBXFileReference; lastKnownFileType = sourcecode.swift; path = Everything.swift; sourceTree = "<group>"; };
		BE29BD842A4AA41200620D72 /* CoreModel.xcdatamodel */ = {isa = PBXFileReference; lastKnownFileType = wrapper.xcdatamodel; path = CoreModel.xcdatamodel; sourceTree = "<group>"; };
		BE29BD902A4AA64500620D72 /* CoreDataManager.swift */ = {isa = PBXFileReference; lastKnownFileType = sourcecode.swift; path = CoreDataManager.swift; sourceTree = "<group>"; };
		BE29BD932A4AABF800620D72 /* SearchBar.swift */ = {isa = PBXFileReference; lastKnownFileType = sourcecode.swift; path = SearchBar.swift; sourceTree = "<group>"; };
		BE40AE072A3BE3A000581D53 /* NewsMainViewModel.swift */ = {isa = PBXFileReference; lastKnownFileType = sourcecode.swift; path = NewsMainViewModel.swift; sourceTree = "<group>"; };
		BE40AE092A3BEDDC00581D53 /* CellImage.swift */ = {isa = PBXFileReference; lastKnownFileType = sourcecode.swift; path = CellImage.swift; sourceTree = "<group>"; };
		BE461C312A55329900C11E8B /* SearchCell.swift */ = {isa = PBXFileReference; lastKnownFileType = sourcecode.swift; path = SearchCell.swift; sourceTree = "<group>"; };
		BE6743EC2A3D58AA008227A3 /* RecommendRow.swift */ = {isa = PBXFileReference; lastKnownFileType = sourcecode.swift; path = RecommendRow.swift; sourceTree = "<group>"; };
		BE6743EE2A3D82BA008227A3 /* BookMark.swift */ = {isa = PBXFileReference; lastKnownFileType = sourcecode.swift; path = BookMark.swift; sourceTree = "<group>"; };
		BE88FD9F2A122E11003192A6 /* HeadLineViewModel.swift */ = {isa = PBXFileReference; fileEncoding = 4; lastKnownFileType = sourcecode.swift; path = HeadLineViewModel.swift; sourceTree = "<group>"; };
		BE9CBD842A147B8C00C5B33D /* HeadLine.swift */ = {isa = PBXFileReference; lastKnownFileType = sourcecode.swift; path = HeadLine.swift; sourceTree = "<group>"; };
		BE9CBD862A14A15B00C5B33D /* HeadLineCell.swift */ = {isa = PBXFileReference; lastKnownFileType = sourcecode.swift; path = HeadLineCell.swift; sourceTree = "<group>"; };
		BEA600772A51621E0047BF81 /* RecommendList.swift */ = {isa = PBXFileReference; lastKnownFileType = sourcecode.swift; path = RecommendList.swift; sourceTree = "<group>"; };
		BEA67A722A0B65BD00581ADC /* newsAPIToyApp.app */ = {isa = PBXFileReference; explicitFileType = wrapper.application; includeInIndex = 0; path = newsAPIToyApp.app; sourceTree = BUILT_PRODUCTS_DIR; };
		BEA67A752A0B65BD00581ADC /* newsAPIToyAppApp.swift */ = {isa = PBXFileReference; lastKnownFileType = sourcecode.swift; path = newsAPIToyAppApp.swift; sourceTree = "<group>"; };
		BEA67A772A0B65BD00581ADC /* ContentView.swift */ = {isa = PBXFileReference; lastKnownFileType = sourcecode.swift; path = ContentView.swift; sourceTree = "<group>"; };
		BEA67A792A0B65C000581ADC /* Assets.xcassets */ = {isa = PBXFileReference; lastKnownFileType = folder.assetcatalog; path = Assets.xcassets; sourceTree = "<group>"; };
		BEA67A7C2A0B65C000581ADC /* Preview Assets.xcassets */ = {isa = PBXFileReference; lastKnownFileType = folder.assetcatalog; path = "Preview Assets.xcassets"; sourceTree = "<group>"; };
		BEA67A822A0B65C100581ADC /* newsAPIToyAppTests.xctest */ = {isa = PBXFileReference; explicitFileType = wrapper.cfbundle; includeInIndex = 0; path = newsAPIToyAppTests.xctest; sourceTree = BUILT_PRODUCTS_DIR; };
		BEA67A862A0B65C100581ADC /* newsAPIToyAppTests.swift */ = {isa = PBXFileReference; lastKnownFileType = sourcecode.swift; path = newsAPIToyAppTests.swift; sourceTree = "<group>"; };
		BEA67A8C2A0B65C100581ADC /* newsAPIToyAppUITests.xctest */ = {isa = PBXFileReference; explicitFileType = wrapper.cfbundle; includeInIndex = 0; path = newsAPIToyAppUITests.xctest; sourceTree = BUILT_PRODUCTS_DIR; };
		BEA67A902A0B65C100581ADC /* newsAPIToyAppUITests.swift */ = {isa = PBXFileReference; lastKnownFileType = sourcecode.swift; path = newsAPIToyAppUITests.swift; sourceTree = "<group>"; };
		BEA67A922A0B65C100581ADC /* newsAPIToyAppUITestsLaunchTests.swift */ = {isa = PBXFileReference; lastKnownFileType = sourcecode.swift; path = newsAPIToyAppUITestsLaunchTests.swift; sourceTree = "<group>"; };
		BEA67A9F2A0B6B1E00581ADC /* NewsAPI.swift */ = {isa = PBXFileReference; lastKnownFileType = sourcecode.swift; path = NewsAPI.swift; sourceTree = "<group>"; };
		BEA7A3B92A3EBFDB00DA1804 /* NewsDetail.swift */ = {isa = PBXFileReference; lastKnownFileType = sourcecode.swift; path = NewsDetail.swift; sourceTree = "<group>"; };
		BEA7A3BB2A3EC6CE00DA1804 /* WebView.swift */ = {isa = PBXFileReference; lastKnownFileType = sourcecode.swift; path = WebView.swift; sourceTree = "<group>"; };
		BEAB77842A4C0C0600D09D76 /* BookMarkCell.swift */ = {isa = PBXFileReference; lastKnownFileType = sourcecode.swift; path = BookMarkCell.swift; sourceTree = "<group>"; };
		BEAC7DC22A3A9A7600717F47 /* NetworkManager.swift */ = {isa = PBXFileReference; lastKnownFileType = sourcecode.swift; path = NetworkManager.swift; sourceTree = "<group>"; };
		BEAC7DC82A3AAB7000717F47 /* NewsMain.swift */ = {isa = PBXFileReference; lastKnownFileType = sourcecode.swift; path = NewsMain.swift; sourceTree = "<group>"; };
		BEAC7DCA2A3AACE500717F47 /* EverythingViewModel.swift */ = {isa = PBXFileReference; lastKnownFileType = sourcecode.swift; path = EverythingViewModel.swift; sourceTree = "<group>"; };
		BEAC7DCF2A3ACD6D00717F47 /* Banner.swift */ = {isa = PBXFileReference; lastKnownFileType = sourcecode.swift; path = Banner.swift; sourceTree = "<group>"; };
		BEAF1F292A4D4FCB003742BB /* EverythingCell.swift */ = {isa = PBXFileReference; lastKnownFileType = sourcecode.swift; path = EverythingCell.swift; sourceTree = "<group>"; };
		BEC313C02A528D150022B8A1 /* SearchViewModel.swift */ = {isa = PBXFileReference; lastKnownFileType = sourcecode.swift; path = SearchViewModel.swift; sourceTree = "<group>"; };
		BEC313C22A528E8F0022B8A1 /* SearchMain.swift */ = {isa = PBXFileReference; lastKnownFileType = sourcecode.swift; path = SearchMain.swift; sourceTree = "<group>"; };
		BECFAC142A4BBC340088A9BD /* BookMarkManager.swift */ = {isa = PBXFileReference; lastKnownFileType = sourcecode.swift; path = BookMarkManager.swift; sourceTree = "<group>"; };
		BECFAC162A4BEA3F0088A9BD /* Favorite+CoreDataClass.swift */ = {isa = PBXFileReference; lastKnownFileType = sourcecode.swift; path = "Favorite+CoreDataClass.swift"; sourceTree = "<group>"; };
		BECFAC172A4BEA3F0088A9BD /* Favorite+CoreDataProperties.swift */ = {isa = PBXFileReference; lastKnownFileType = sourcecode.swift; path = "Favorite+CoreDataProperties.swift"; sourceTree = "<group>"; };
		BECFAC182A4BEA3F0088A9BD /* Search+CoreDataClass.swift */ = {isa = PBXFileReference; lastKnownFileType = sourcecode.swift; path = "Search+CoreDataClass.swift"; sourceTree = "<group>"; };
		BECFAC192A4BEA3F0088A9BD /* Search+CoreDataProperties.swift */ = {isa = PBXFileReference; lastKnownFileType = sourcecode.swift; path = "Search+CoreDataProperties.swift"; sourceTree = "<group>"; };
/* End PBXFileReference section */

/* Begin PBXFrameworksBuildPhase section */
		BEA67A6F2A0B65BD00581ADC /* Frameworks */ = {
			isa = PBXFrameworksBuildPhase;
			buildActionMask = 2147483647;
			files = (
			);
			runOnlyForDeploymentPostprocessing = 0;
		};
		BEA67A7F2A0B65C100581ADC /* Frameworks */ = {
			isa = PBXFrameworksBuildPhase;
			buildActionMask = 2147483647;
			files = (
			);
			runOnlyForDeploymentPostprocessing = 0;
		};
		BEA67A892A0B65C100581ADC /* Frameworks */ = {
			isa = PBXFrameworksBuildPhase;
			buildActionMask = 2147483647;
			files = (
			);
			runOnlyForDeploymentPostprocessing = 0;
		};
/* End PBXFrameworksBuildPhase section */

/* Begin PBXGroup section */
		BE22C5872A4563A000DED032 /* SubView */ = {
			isa = PBXGroup;
			children = (
				BEA7A3BB2A3EC6CE00DA1804 /* WebView.swift */,
				BE22C5882A4563DF00DED032 /* FavoriteButton.swift */,
				BEA7A3B92A3EBFDB00DA1804 /* NewsDetail.swift */,
			);
			path = SubView;
			sourceTree = "<group>";
		};
		BE29BD8F2A4AA5A000620D72 /* CoreData */ = {
			isa = PBXGroup;
			children = (
				BE29BD902A4AA64500620D72 /* CoreDataManager.swift */,
				BECFAC162A4BEA3F0088A9BD /* Favorite+CoreDataClass.swift */,
				BECFAC172A4BEA3F0088A9BD /* Favorite+CoreDataProperties.swift */,
				BECFAC182A4BEA3F0088A9BD /* Search+CoreDataClass.swift */,
				BECFAC192A4BEA3F0088A9BD /* Search+CoreDataProperties.swift */,
				BE29BD832A4AA41200620D72 /* CoreModel.xcdatamodeld */,
			);
			path = CoreData;
			sourceTree = "<group>";
		};
		BE6743F02A3D82C4008227A3 /* NewsMain */ = {
			isa = PBXGroup;
			children = (
				BEAC7DC82A3AAB7000717F47 /* NewsMain.swift */,
				BEAC7DCF2A3ACD6D00717F47 /* Banner.swift */,
				BE40AE092A3BEDDC00581D53 /* CellImage.swift */,
			);
			path = NewsMain;
			sourceTree = "<group>";
		};
		BE6743F12A3D830C008227A3 /* BookMark */ = {
			isa = PBXGroup;
			children = (
				BE6743EE2A3D82BA008227A3 /* BookMark.swift */,
				BEAB77842A4C0C0600D09D76 /* BookMarkCell.swift */,
			);
			path = BookMark;
			sourceTree = "<group>";
		};
		BEA600762A5161FA0047BF81 /* Recommend */ = {
			isa = PBXGroup;
			children = (
				BE6743EC2A3D58AA008227A3 /* RecommendRow.swift */,
				BEA600772A51621E0047BF81 /* RecommendList.swift */,
			);
			path = Recommend;
			sourceTree = "<group>";
		};
		BEA67A692A0B65BD00581ADC = {
			isa = PBXGroup;
			children = (
				BEA67A742A0B65BD00581ADC /* newsAPIToyApp */,
				BEA67A852A0B65C100581ADC /* newsAPIToyAppTests */,
				BEA67A8F2A0B65C100581ADC /* newsAPIToyAppUITests */,
				BEA67A732A0B65BD00581ADC /* Products */,
			);
			sourceTree = "<group>";
		};
		BEA67A732A0B65BD00581ADC /* Products */ = {
			isa = PBXGroup;
			children = (
				BEA67A722A0B65BD00581ADC /* newsAPIToyApp.app */,
				BEA67A822A0B65C100581ADC /* newsAPIToyAppTests.xctest */,
				BEA67A8C2A0B65C100581ADC /* newsAPIToyAppUITests.xctest */,
			);
			name = Products;
			sourceTree = "<group>";
		};
		BEA67A742A0B65BD00581ADC /* newsAPIToyApp */ = {
			isa = PBXGroup;
			children = (
				BE11E1EA2A0B93DD00A504C8 /* Secrets.xcconfig */,
				BE11E1EB2A0B945A00A504C8 /* Info.plist */,
				BEA67A792A0B65C000581ADC /* Assets.xcassets */,
				BEA67A752A0B65BD00581ADC /* newsAPIToyAppApp.swift */,
				BEAC7DC12A3A98F600717F47 /* Models */,
				BEAC7DC62A3AAAA600717F47 /* Views */,
				BEAC7DC72A3AAAAF00717F47 /* ViewModels */,
				BEA67A7B2A0B65C000581ADC /* Preview Content */,
			);
			path = newsAPIToyApp;
			sourceTree = "<group>";
		};
		BEA67A7B2A0B65C000581ADC /* Preview Content */ = {
			isa = PBXGroup;
			children = (
				BEA67A7C2A0B65C000581ADC /* Preview Assets.xcassets */,
			);
			path = "Preview Content";
			sourceTree = "<group>";
		};
		BEA67A852A0B65C100581ADC /* newsAPIToyAppTests */ = {
			isa = PBXGroup;
			children = (
				BEA67A862A0B65C100581ADC /* newsAPIToyAppTests.swift */,
			);
			path = newsAPIToyAppTests;
			sourceTree = "<group>";
		};
		BEA67A8F2A0B65C100581ADC /* newsAPIToyAppUITests */ = {
			isa = PBXGroup;
			children = (
				BEA67A902A0B65C100581ADC /* newsAPIToyAppUITests.swift */,
				BEA67A922A0B65C100581ADC /* newsAPIToyAppUITestsLaunchTests.swift */,
			);
			path = newsAPIToyAppUITests;
			sourceTree = "<group>";
		};
		BEAC7DC12A3A98F600717F47 /* Models */ = {
			isa = PBXGroup;
			children = (
				BE29BD8F2A4AA5A000620D72 /* CoreData */,
				BEAC7DC22A3A9A7600717F47 /* NetworkManager.swift */,
				BECFAC142A4BBC340088A9BD /* BookMarkManager.swift */,
				BEA67A9F2A0B6B1E00581ADC /* NewsAPI.swift */,
			);
			path = Models;
			sourceTree = "<group>";
		};
		BEAC7DC62A3AAAA600717F47 /* Views */ = {
			isa = PBXGroup;
			children = (
				BEA67A772A0B65BD00581ADC /* ContentView.swift */,
				BE22C58C2A45660800DED032 /* Main.swift */,
				BE22C5872A4563A000DED032 /* SubView */,
				BE6743F02A3D82C4008227A3 /* NewsMain */,
				BEA600762A5161FA0047BF81 /* Recommend */,
				BE6743F12A3D830C008227A3 /* BookMark */,
				BEB2F60E2A134B90002A0100 /* HeadLine */,
				BEC313BF2A528BE60022B8A1 /* Search */,
				BEAC7DCC2A3AAF6900717F47 /* Everything */,
			);
			path = Views;
			sourceTree = "<group>";
		};
		BEAC7DC72A3AAAAF00717F47 /* ViewModels */ = {
			isa = PBXGroup;
			children = (
				BE88FD9F2A122E11003192A6 /* HeadLineViewModel.swift */,
				BEAC7DCA2A3AACE500717F47 /* EverythingViewModel.swift */,
				BE40AE072A3BE3A000581D53 /* NewsMainViewModel.swift */,
				BEC313C02A528D150022B8A1 /* SearchViewModel.swift */,
			);
			path = ViewModels;
			sourceTree = "<group>";
		};
		BEAC7DCC2A3AAF6900717F47 /* Everything */ = {
			isa = PBXGroup;
			children = (
				BE22C58E2A456B5B00DED032 /* Everything.swift */,
				BEAF1F292A4D4FCB003742BB /* EverythingCell.swift */,
			);
			path = Everything;
			sourceTree = "<group>";
		};
		BEB2F60E2A134B90002A0100 /* HeadLine */ = {
			isa = PBXGroup;
			children = (
				BE9CBD842A147B8C00C5B33D /* HeadLine.swift */,
				BE9CBD862A14A15B00C5B33D /* HeadLineCell.swift */,
			);
			path = HeadLine;
			sourceTree = "<group>";
		};
		BEC313BF2A528BE60022B8A1 /* Search */ = {
			isa = PBXGroup;
			children = (
				BEC313C22A528E8F0022B8A1 /* SearchMain.swift */,
				BE29BD932A4AABF800620D72 /* SearchBar.swift */,
				BE461C312A55329900C11E8B /* SearchCell.swift */,
			);
			path = Search;
			sourceTree = "<group>";
		};
/* End PBXGroup section */

/* Begin PBXNativeTarget section */
		BEA67A712A0B65BD00581ADC /* newsAPIToyApp */ = {
			isa = PBXNativeTarget;
			buildConfigurationList = BEA67A962A0B65C100581ADC /* Build configuration list for PBXNativeTarget "newsAPIToyApp" */;
			buildPhases = (
				BEA67A6E2A0B65BD00581ADC /* Sources */,
				BEA67A6F2A0B65BD00581ADC /* Frameworks */,
				BEA67A702A0B65BD00581ADC /* Resources */,
			);
			buildRules = (
			);
			dependencies = (
			);
			name = newsAPIToyApp;
			productName = newsAPIToyApp;
			productReference = BEA67A722A0B65BD00581ADC /* newsAPIToyApp.app */;
			productType = "com.apple.product-type.application";
		};
		BEA67A812A0B65C100581ADC /* newsAPIToyAppTests */ = {
			isa = PBXNativeTarget;
			buildConfigurationList = BEA67A992A0B65C100581ADC /* Build configuration list for PBXNativeTarget "newsAPIToyAppTests" */;
			buildPhases = (
				BEA67A7E2A0B65C100581ADC /* Sources */,
				BEA67A7F2A0B65C100581ADC /* Frameworks */,
				BEA67A802A0B65C100581ADC /* Resources */,
			);
			buildRules = (
			);
			dependencies = (
				BEA67A842A0B65C100581ADC /* PBXTargetDependency */,
			);
			name = newsAPIToyAppTests;
			productName = newsAPIToyAppTests;
			productReference = BEA67A822A0B65C100581ADC /* newsAPIToyAppTests.xctest */;
			productType = "com.apple.product-type.bundle.unit-test";
		};
		BEA67A8B2A0B65C100581ADC /* newsAPIToyAppUITests */ = {
			isa = PBXNativeTarget;
			buildConfigurationList = BEA67A9C2A0B65C100581ADC /* Build configuration list for PBXNativeTarget "newsAPIToyAppUITests" */;
			buildPhases = (
				BEA67A882A0B65C100581ADC /* Sources */,
				BEA67A892A0B65C100581ADC /* Frameworks */,
				BEA67A8A2A0B65C100581ADC /* Resources */,
			);
			buildRules = (
			);
			dependencies = (
				BEA67A8E2A0B65C100581ADC /* PBXTargetDependency */,
			);
			name = newsAPIToyAppUITests;
			productName = newsAPIToyAppUITests;
			productReference = BEA67A8C2A0B65C100581ADC /* newsAPIToyAppUITests.xctest */;
			productType = "com.apple.product-type.bundle.ui-testing";
		};
/* End PBXNativeTarget section */

/* Begin PBXProject section */
		BEA67A6A2A0B65BD00581ADC /* Project object */ = {
			isa = PBXProject;
			attributes = {
				BuildIndependentTargetsInParallel = 1;
				LastSwiftUpdateCheck = 1420;
				LastUpgradeCheck = 1420;
				TargetAttributes = {
					BEA67A712A0B65BD00581ADC = {
						CreatedOnToolsVersion = 14.2;
					};
					BEA67A812A0B65C100581ADC = {
						CreatedOnToolsVersion = 14.2;
						TestTargetID = BEA67A712A0B65BD00581ADC;
					};
					BEA67A8B2A0B65C100581ADC = {
						CreatedOnToolsVersion = 14.2;
						TestTargetID = BEA67A712A0B65BD00581ADC;
					};
				};
			};
			buildConfigurationList = BEA67A6D2A0B65BD00581ADC /* Build configuration list for PBXProject "newsAPIToyApp" */;
			compatibilityVersion = "Xcode 14.0";
			developmentRegion = en;
			hasScannedForEncodings = 0;
			knownRegions = (
				en,
				Base,
			);
			mainGroup = BEA67A692A0B65BD00581ADC;
			productRefGroup = BEA67A732A0B65BD00581ADC /* Products */;
			projectDirPath = "";
			projectRoot = "";
			targets = (
				BEA67A712A0B65BD00581ADC /* newsAPIToyApp */,
				BEA67A812A0B65C100581ADC /* newsAPIToyAppTests */,
				BEA67A8B2A0B65C100581ADC /* newsAPIToyAppUITests */,
			);
		};
/* End PBXProject section */

/* Begin PBXResourcesBuildPhase section */
		BEA67A702A0B65BD00581ADC /* Resources */ = {
			isa = PBXResourcesBuildPhase;
			buildActionMask = 2147483647;
			files = (
				BEA67A7D2A0B65C000581ADC /* Preview Assets.xcassets in Resources */,
				BEA67A7A2A0B65C000581ADC /* Assets.xcassets in Resources */,
			);
			runOnlyForDeploymentPostprocessing = 0;
		};
		BEA67A802A0B65C100581ADC /* Resources */ = {
			isa = PBXResourcesBuildPhase;
			buildActionMask = 2147483647;
			files = (
			);
			runOnlyForDeploymentPostprocessing = 0;
		};
		BEA67A8A2A0B65C100581ADC /* Resources */ = {
			isa = PBXResourcesBuildPhase;
			buildActionMask = 2147483647;
			files = (
			);
			runOnlyForDeploymentPostprocessing = 0;
		};
/* End PBXResourcesBuildPhase section */

/* Begin PBXSourcesBuildPhase section */
		BEA67A6E2A0B65BD00581ADC /* Sources */ = {
			isa = PBXSourcesBuildPhase;
			buildActionMask = 2147483647;
			files = (
				BE29BD852A4AA41200620D72 /* CoreModel.xcdatamodeld in Sources */,
				BECFAC1C2A4BEA3F0088A9BD /* Search+CoreDataClass.swift in Sources */,
				BE22C58D2A45660800DED032 /* Main.swift in Sources */,
				BE88FDA02A122E11003192A6 /* HeadLineViewModel.swift in Sources */,
				BEA600782A51621E0047BF81 /* RecommendList.swift in Sources */,
				BECFAC152A4BBC340088A9BD /* BookMarkManager.swift in Sources */,
				BEA7A3BC2A3EC6CE00DA1804 /* WebView.swift in Sources */,
				BE9CBD872A14A15B00C5B33D /* HeadLineCell.swift in Sources */,
				BE9CBD852A147B8D00C5B33D /* HeadLine.swift in Sources */,
				BE40AE082A3BE3A000581D53 /* NewsMainViewModel.swift in Sources */,
				BEAC7DC92A3AAB7000717F47 /* NewsMain.swift in Sources */,
				BE22C58F2A456B5B00DED032 /* Everything.swift in Sources */,
				BEAC7DD02A3ACD6D00717F47 /* Banner.swift in Sources */,
				BECFAC1B2A4BEA3F0088A9BD /* Favorite+CoreDataProperties.swift in Sources */,
				BEA67A782A0B65BD00581ADC /* ContentView.swift in Sources */,
				BE29BD942A4AABF800620D72 /* SearchBar.swift in Sources */,
				BEAB77852A4C0C0600D09D76 /* BookMarkCell.swift in Sources */,
				BEA67A762A0B65BD00581ADC /* newsAPIToyAppApp.swift in Sources */,
				BEA7A3BA2A3EBFDB00DA1804 /* NewsDetail.swift in Sources */,
				BEAC7DC32A3A9A7600717F47 /* NetworkManager.swift in Sources */,
				BEAC7DCB2A3AACE500717F47 /* EverythingViewModel.swift in Sources */,
				BE29BD912A4AA64500620D72 /* CoreDataManager.swift in Sources */,
				BE40AE0A2A3BEDDC00581D53 /* CellImage.swift in Sources */,
				BE461C322A55329900C11E8B /* SearchCell.swift in Sources */,
				BEAF1F2A2A4D4FCB003742BB /* EverythingCell.swift in Sources */,
				BEC313C12A528D150022B8A1 /* SearchViewModel.swift in Sources */,
				BECFAC1A2A4BEA3F0088A9BD /* Favorite+CoreDataClass.swift in Sources */,
				BECFAC1D2A4BEA3F0088A9BD /* Search+CoreDataProperties.swift in Sources */,
				BE22C5892A4563DF00DED032 /* FavoriteButton.swift in Sources */,
				BE6743EF2A3D82BA008227A3 /* BookMark.swift in Sources */,
				BEC313C32A528E8F0022B8A1 /* SearchMain.swift in Sources */,
				BEA67AA02A0B6B1E00581ADC /* NewsAPI.swift in Sources */,
				BE6743ED2A3D58AA008227A3 /* RecommendRow.swift in Sources */,
			);
			runOnlyForDeploymentPostprocessing = 0;
		};
		BEA67A7E2A0B65C100581ADC /* Sources */ = {
			isa = PBXSourcesBuildPhase;
			buildActionMask = 2147483647;
			files = (
				BEA67A872A0B65C100581ADC /* newsAPIToyAppTests.swift in Sources */,
			);
			runOnlyForDeploymentPostprocessing = 0;
		};
		BEA67A882A0B65C100581ADC /* Sources */ = {
			isa = PBXSourcesBuildPhase;
			buildActionMask = 2147483647;
			files = (
				BEA67A912A0B65C100581ADC /* newsAPIToyAppUITests.swift in Sources */,
				BEA67A932A0B65C100581ADC /* newsAPIToyAppUITestsLaunchTests.swift in Sources */,
			);
			runOnlyForDeploymentPostprocessing = 0;
		};
/* End PBXSourcesBuildPhase section */

/* Begin PBXTargetDependency section */
		BEA67A842A0B65C100581ADC /* PBXTargetDependency */ = {
			isa = PBXTargetDependency;
			target = BEA67A712A0B65BD00581ADC /* newsAPIToyApp */;
			targetProxy = BEA67A832A0B65C100581ADC /* PBXContainerItemProxy */;
		};
		BEA67A8E2A0B65C100581ADC /* PBXTargetDependency */ = {
			isa = PBXTargetDependency;
			target = BEA67A712A0B65BD00581ADC /* newsAPIToyApp */;
			targetProxy = BEA67A8D2A0B65C100581ADC /* PBXContainerItemProxy */;
		};
/* End PBXTargetDependency section */

/* Begin XCBuildConfiguration section */
		BEA67A942A0B65C100581ADC /* Debug */ = {
			isa = XCBuildConfiguration;
			buildSettings = {
				ALWAYS_SEARCH_USER_PATHS = NO;
				CLANG_ANALYZER_NONNULL = YES;
				CLANG_ANALYZER_NUMBER_OBJECT_CONVERSION = YES_AGGRESSIVE;
				CLANG_CXX_LANGUAGE_STANDARD = "gnu++20";
				CLANG_ENABLE_MODULES = YES;
				CLANG_ENABLE_OBJC_ARC = YES;
				CLANG_ENABLE_OBJC_WEAK = YES;
				CLANG_WARN_BLOCK_CAPTURE_AUTORELEASING = YES;
				CLANG_WARN_BOOL_CONVERSION = YES;
				CLANG_WARN_COMMA = YES;
				CLANG_WARN_CONSTANT_CONVERSION = YES;
				CLANG_WARN_DEPRECATED_OBJC_IMPLEMENTATIONS = YES;
				CLANG_WARN_DIRECT_OBJC_ISA_USAGE = YES_ERROR;
				CLANG_WARN_DOCUMENTATION_COMMENTS = YES;
				CLANG_WARN_EMPTY_BODY = YES;
				CLANG_WARN_ENUM_CONVERSION = YES;
				CLANG_WARN_INFINITE_RECURSION = YES;
				CLANG_WARN_INT_CONVERSION = YES;
				CLANG_WARN_NON_LITERAL_NULL_CONVERSION = YES;
				CLANG_WARN_OBJC_IMPLICIT_RETAIN_SELF = YES;
				CLANG_WARN_OBJC_LITERAL_CONVERSION = YES;
				CLANG_WARN_OBJC_ROOT_CLASS = YES_ERROR;
				CLANG_WARN_QUOTED_INCLUDE_IN_FRAMEWORK_HEADER = YES;
				CLANG_WARN_RANGE_LOOP_ANALYSIS = YES;
				CLANG_WARN_STRICT_PROTOTYPES = YES;
				CLANG_WARN_SUSPICIOUS_MOVE = YES;
				CLANG_WARN_UNGUARDED_AVAILABILITY = YES_AGGRESSIVE;
				CLANG_WARN_UNREACHABLE_CODE = YES;
				CLANG_WARN__DUPLICATE_METHOD_MATCH = YES;
				COPY_PHASE_STRIP = NO;
				DEBUG_INFORMATION_FORMAT = dwarf;
				ENABLE_STRICT_OBJC_MSGSEND = YES;
				ENABLE_TESTABILITY = YES;
				GCC_C_LANGUAGE_STANDARD = gnu11;
				GCC_DYNAMIC_NO_PIC = NO;
				GCC_NO_COMMON_BLOCKS = YES;
				GCC_OPTIMIZATION_LEVEL = 0;
				GCC_PREPROCESSOR_DEFINITIONS = (
					"DEBUG=1",
					"$(inherited)",
				);
				GCC_WARN_64_TO_32_BIT_CONVERSION = YES;
				GCC_WARN_ABOUT_RETURN_TYPE = YES_ERROR;
				GCC_WARN_UNDECLARED_SELECTOR = YES;
				GCC_WARN_UNINITIALIZED_AUTOS = YES_AGGRESSIVE;
				GCC_WARN_UNUSED_FUNCTION = YES;
				GCC_WARN_UNUSED_VARIABLE = YES;
				IPHONEOS_DEPLOYMENT_TARGET = 16.2;
				MTL_ENABLE_DEBUG_INFO = INCLUDE_SOURCE;
				MTL_FAST_MATH = YES;
				ONLY_ACTIVE_ARCH = YES;
				SDKROOT = iphoneos;
				SWIFT_ACTIVE_COMPILATION_CONDITIONS = DEBUG;
				SWIFT_OPTIMIZATION_LEVEL = "-Onone";
			};
			name = Debug;
		};
		BEA67A952A0B65C100581ADC /* Release */ = {
			isa = XCBuildConfiguration;
			buildSettings = {
				ALWAYS_SEARCH_USER_PATHS = NO;
				CLANG_ANALYZER_NONNULL = YES;
				CLANG_ANALYZER_NUMBER_OBJECT_CONVERSION = YES_AGGRESSIVE;
				CLANG_CXX_LANGUAGE_STANDARD = "gnu++20";
				CLANG_ENABLE_MODULES = YES;
				CLANG_ENABLE_OBJC_ARC = YES;
				CLANG_ENABLE_OBJC_WEAK = YES;
				CLANG_WARN_BLOCK_CAPTURE_AUTORELEASING = YES;
				CLANG_WARN_BOOL_CONVERSION = YES;
				CLANG_WARN_COMMA = YES;
				CLANG_WARN_CONSTANT_CONVERSION = YES;
				CLANG_WARN_DEPRECATED_OBJC_IMPLEMENTATIONS = YES;
				CLANG_WARN_DIRECT_OBJC_ISA_USAGE = YES_ERROR;
				CLANG_WARN_DOCUMENTATION_COMMENTS = YES;
				CLANG_WARN_EMPTY_BODY = YES;
				CLANG_WARN_ENUM_CONVERSION = YES;
				CLANG_WARN_INFINITE_RECURSION = YES;
				CLANG_WARN_INT_CONVERSION = YES;
				CLANG_WARN_NON_LITERAL_NULL_CONVERSION = YES;
				CLANG_WARN_OBJC_IMPLICIT_RETAIN_SELF = YES;
				CLANG_WARN_OBJC_LITERAL_CONVERSION = YES;
				CLANG_WARN_OBJC_ROOT_CLASS = YES_ERROR;
				CLANG_WARN_QUOTED_INCLUDE_IN_FRAMEWORK_HEADER = YES;
				CLANG_WARN_RANGE_LOOP_ANALYSIS = YES;
				CLANG_WARN_STRICT_PROTOTYPES = YES;
				CLANG_WARN_SUSPICIOUS_MOVE = YES;
				CLANG_WARN_UNGUARDED_AVAILABILITY = YES_AGGRESSIVE;
				CLANG_WARN_UNREACHABLE_CODE = YES;
				CLANG_WARN__DUPLICATE_METHOD_MATCH = YES;
				COPY_PHASE_STRIP = NO;
				DEBUG_INFORMATION_FORMAT = "dwarf-with-dsym";
				ENABLE_NS_ASSERTIONS = NO;
				ENABLE_STRICT_OBJC_MSGSEND = YES;
				GCC_C_LANGUAGE_STANDARD = gnu11;
				GCC_NO_COMMON_BLOCKS = YES;
				GCC_WARN_64_TO_32_BIT_CONVERSION = YES;
				GCC_WARN_ABOUT_RETURN_TYPE = YES_ERROR;
				GCC_WARN_UNDECLARED_SELECTOR = YES;
				GCC_WARN_UNINITIALIZED_AUTOS = YES_AGGRESSIVE;
				GCC_WARN_UNUSED_FUNCTION = YES;
				GCC_WARN_UNUSED_VARIABLE = YES;
				IPHONEOS_DEPLOYMENT_TARGET = 16.2;
				MTL_ENABLE_DEBUG_INFO = NO;
				MTL_FAST_MATH = YES;
				SDKROOT = iphoneos;
				SWIFT_COMPILATION_MODE = wholemodule;
				SWIFT_OPTIMIZATION_LEVEL = "-O";
				VALIDATE_PRODUCT = YES;
			};
			name = Release;
		};
		BEA67A972A0B65C100581ADC /* Debug */ = {
			isa = XCBuildConfiguration;
			baseConfigurationReference = BE11E1EA2A0B93DD00A504C8 /* Secrets.xcconfig */;
			buildSettings = {
				ASSETCATALOG_COMPILER_APPICON_NAME = AppIcon;
				ASSETCATALOG_COMPILER_GLOBAL_ACCENT_COLOR_NAME = AccentColor;
				CODE_SIGN_STYLE = Automatic;
				CURRENT_PROJECT_VERSION = 1;
				DEVELOPMENT_ASSET_PATHS = "\"newsAPIToyApp/Preview Content\"";
				ENABLE_PREVIEWS = YES;
				GENERATE_INFOPLIST_FILE = YES;
				INFOPLIST_FILE = newsAPIToyApp/Info.plist;
				INFOPLIST_KEY_UIApplicationSupportsIndirectInputEvents = YES;
				INFOPLIST_KEY_UILaunchScreen_Generation = YES;
				INFOPLIST_KEY_UISupportedInterfaceOrientations_iPad = "UIInterfaceOrientationPortrait UIInterfaceOrientationPortraitUpsideDown UIInterfaceOrientationLandscapeLeft UIInterfaceOrientationLandscapeRight";
				INFOPLIST_KEY_UISupportedInterfaceOrientations_iPhone = "UIInterfaceOrientationPortrait UIInterfaceOrientationLandscapeLeft UIInterfaceOrientationLandscapeRight";
				LD_RUNPATH_SEARCH_PATHS = (
					"$(inherited)",
					"@executable_path/Frameworks",
				);
				MARKETING_VERSION = 1.0;
				PRODUCT_BUNDLE_IDENTIFIER = khl.newsAPIToyApp;
				PRODUCT_NAME = "$(TARGET_NAME)";
				SWIFT_EMIT_LOC_STRINGS = YES;
				SWIFT_VERSION = 5.0;
				TARGETED_DEVICE_FAMILY = "1,2";
			};
			name = Debug;
		};
		BEA67A982A0B65C100581ADC /* Release */ = {
			isa = XCBuildConfiguration;
			buildSettings = {
				ASSETCATALOG_COMPILER_APPICON_NAME = AppIcon;
				ASSETCATALOG_COMPILER_GLOBAL_ACCENT_COLOR_NAME = AccentColor;
				CODE_SIGN_STYLE = Automatic;
				CURRENT_PROJECT_VERSION = 1;
				DEVELOPMENT_ASSET_PATHS = "\"newsAPIToyApp/Preview Content\"";
				ENABLE_PREVIEWS = YES;
				GENERATE_INFOPLIST_FILE = YES;
				INFOPLIST_FILE = newsAPIToyApp/Info.plist;
				INFOPLIST_KEY_UIApplicationSupportsIndirectInputEvents = YES;
				INFOPLIST_KEY_UILaunchScreen_Generation = YES;
				INFOPLIST_KEY_UISupportedInterfaceOrientations_iPad = "UIInterfaceOrientationPortrait UIInterfaceOrientationPortraitUpsideDown UIInterfaceOrientationLandscapeLeft UIInterfaceOrientationLandscapeRight";
				INFOPLIST_KEY_UISupportedInterfaceOrientations_iPhone = "UIInterfaceOrientationPortrait UIInterfaceOrientationLandscapeLeft UIInterfaceOrientationLandscapeRight";
				LD_RUNPATH_SEARCH_PATHS = (
					"$(inherited)",
					"@executable_path/Frameworks",
				);
				MARKETING_VERSION = 1.0;
				PRODUCT_BUNDLE_IDENTIFIER = khl.newsAPIToyApp;
				PRODUCT_NAME = "$(TARGET_NAME)";
				SWIFT_EMIT_LOC_STRINGS = YES;
				SWIFT_VERSION = 5.0;
				TARGETED_DEVICE_FAMILY = "1,2";
			};
			name = Release;
		};
		BEA67A9A2A0B65C100581ADC /* Debug */ = {
			isa = XCBuildConfiguration;
			baseConfigurationReference = BE11E1EA2A0B93DD00A504C8 /* Secrets.xcconfig */;
			buildSettings = {
				ALWAYS_EMBED_SWIFT_STANDARD_LIBRARIES = YES;
				BUNDLE_LOADER = "$(TEST_HOST)";
				CODE_SIGN_STYLE = Automatic;
				CURRENT_PROJECT_VERSION = 1;
				GENERATE_INFOPLIST_FILE = YES;
				IPHONEOS_DEPLOYMENT_TARGET = 16.2;
				MARKETING_VERSION = 1.0;
				PRODUCT_BUNDLE_IDENTIFIER = khl.newsAPIToyAppTests;
				PRODUCT_NAME = "$(TARGET_NAME)";
				SWIFT_EMIT_LOC_STRINGS = NO;
				SWIFT_VERSION = 5.0;
				TARGETED_DEVICE_FAMILY = "1,2";
				TEST_HOST = "$(BUILT_PRODUCTS_DIR)/newsAPIToyApp.app/$(BUNDLE_EXECUTABLE_FOLDER_PATH)/newsAPIToyApp";
			};
			name = Debug;
		};
		BEA67A9B2A0B65C100581ADC /* Release */ = {
			isa = XCBuildConfiguration;
			buildSettings = {
				ALWAYS_EMBED_SWIFT_STANDARD_LIBRARIES = YES;
				BUNDLE_LOADER = "$(TEST_HOST)";
				CODE_SIGN_STYLE = Automatic;
				CURRENT_PROJECT_VERSION = 1;
				GENERATE_INFOPLIST_FILE = YES;
				IPHONEOS_DEPLOYMENT_TARGET = 16.2;
				MARKETING_VERSION = 1.0;
				PRODUCT_BUNDLE_IDENTIFIER = khl.newsAPIToyAppTests;
				PRODUCT_NAME = "$(TARGET_NAME)";
				SWIFT_EMIT_LOC_STRINGS = NO;
				SWIFT_VERSION = 5.0;
				TARGETED_DEVICE_FAMILY = "1,2";
				TEST_HOST = "$(BUILT_PRODUCTS_DIR)/newsAPIToyApp.app/$(BUNDLE_EXECUTABLE_FOLDER_PATH)/newsAPIToyApp";
			};
			name = Release;
		};
		BEA67A9D2A0B65C100581ADC /* Debug */ = {
			isa = XCBuildConfiguration;
			buildSettings = {
				ALWAYS_EMBED_SWIFT_STANDARD_LIBRARIES = YES;
				CODE_SIGN_STYLE = Automatic;
				CURRENT_PROJECT_VERSION = 1;
				GENERATE_INFOPLIST_FILE = YES;
				MARKETING_VERSION = 1.0;
				PRODUCT_BUNDLE_IDENTIFIER = khl.newsAPIToyAppUITests;
				PRODUCT_NAME = "$(TARGET_NAME)";
				SWIFT_EMIT_LOC_STRINGS = NO;
				SWIFT_VERSION = 5.0;
				TARGETED_DEVICE_FAMILY = "1,2";
				TEST_TARGET_NAME = newsAPIToyApp;
			};
			name = Debug;
		};
		BEA67A9E2A0B65C100581ADC /* Release */ = {
			isa = XCBuildConfiguration;
			buildSettings = {
				ALWAYS_EMBED_SWIFT_STANDARD_LIBRARIES = YES;
				CODE_SIGN_STYLE = Automatic;
				CURRENT_PROJECT_VERSION = 1;
				GENERATE_INFOPLIST_FILE = YES;
				MARKETING_VERSION = 1.0;
				PRODUCT_BUNDLE_IDENTIFIER = khl.newsAPIToyAppUITests;
				PRODUCT_NAME = "$(TARGET_NAME)";
				SWIFT_EMIT_LOC_STRINGS = NO;
				SWIFT_VERSION = 5.0;
				TARGETED_DEVICE_FAMILY = "1,2";
				TEST_TARGET_NAME = newsAPIToyApp;
			};
			name = Release;
		};
/* End XCBuildConfiguration section */

/* Begin XCConfigurationList section */
		BEA67A6D2A0B65BD00581ADC /* Build configuration list for PBXProject "newsAPIToyApp" */ = {
			isa = XCConfigurationList;
			buildConfigurations = (
				BEA67A942A0B65C100581ADC /* Debug */,
				BEA67A952A0B65C100581ADC /* Release */,
			);
			defaultConfigurationIsVisible = 0;
			defaultConfigurationName = Release;
		};
		BEA67A962A0B65C100581ADC /* Build configuration list for PBXNativeTarget "newsAPIToyApp" */ = {
			isa = XCConfigurationList;
			buildConfigurations = (
				BEA67A972A0B65C100581ADC /* Debug */,
				BEA67A982A0B65C100581ADC /* Release */,
			);
			defaultConfigurationIsVisible = 0;
			defaultConfigurationName = Release;
		};
		BEA67A992A0B65C100581ADC /* Build configuration list for PBXNativeTarget "newsAPIToyAppTests" */ = {
			isa = XCConfigurationList;
			buildConfigurations = (
				BEA67A9A2A0B65C100581ADC /* Debug */,
				BEA67A9B2A0B65C100581ADC /* Release */,
			);
			defaultConfigurationIsVisible = 0;
			defaultConfigurationName = Release;
		};
		BEA67A9C2A0B65C100581ADC /* Build configuration list for PBXNativeTarget "newsAPIToyAppUITests" */ = {
			isa = XCConfigurationList;
			buildConfigurations = (
				BEA67A9D2A0B65C100581ADC /* Debug */,
				BEA67A9E2A0B65C100581ADC /* Release */,
			);
			defaultConfigurationIsVisible = 0;
			defaultConfigurationName = Release;
		};
/* End XCConfigurationList section */

/* Begin XCVersionGroup section */
		BE29BD832A4AA41200620D72 /* CoreModel.xcdatamodeld */ = {
			isa = XCVersionGroup;
			children = (
				BE29BD842A4AA41200620D72 /* CoreModel.xcdatamodel */,
			);
			currentVersion = BE29BD842A4AA41200620D72 /* CoreModel.xcdatamodel */;
			path = CoreModel.xcdatamodeld;
			sourceTree = "<group>";
			versionGroupType = wrapper.xcdatamodel;
		};
/* End XCVersionGroup section */
	};
	rootObject = BEA67A6A2A0B65BD00581ADC /* Project object */;
}
